
Microsoft Visual Studio Solution File, Format Version 12.00
# Visual Studio Version 16
VisualStudioVersion = 16.0.31424.327
MinimumVisualStudioVersion = 10.0.40219.1
Project("{FAE04EC0-301F-11D3-BF4B-00C04F79EFBC}") = "Area", "Area\Area.csproj", "{876CD287-D565-4F08-90C6-4ED910AC824A}"
EndProject
Global
	GlobalSection(SolutionConfigurationPlatforms) = preSolution
		Debug|Any CPU = Debug|Any CPU
		Release|Any CPU = Release|Any CPU
	EndGlobalSection
	GlobalSection(ProjectConfigurationPlatforms) = postSolution
		{876CD287-D565-4F08-90C6-4ED910AC824A}.Debug|Any CPU.ActiveCfg = Debug|Any CPU
		{876CD287-D565-4F08-90C6-4ED910AC824A}.Debug|Any CPU.Build.0 = Debug|Any CPU
		{876CD287-D565-4F08-90C6-4ED910AC824A}.Release|Any CPU.ActiveCfg = Release|Any CPU
		{876CD287-D565-4F08-90C6-4ED910AC824A}.Release|Any CPU.Build.0 = Release|Any CPU
	EndGlobalSection
	GlobalSection(SolutionProperties) = preSolution
		HideSolutionNode = FALSE
	EndGlobalSection
	GlobalSection(ExtensibilityGlobals) = postSolution
		SolutionGuid = {8A938F08-85A7-4F97-A162-F56CBF60DA5F}
	EndGlobalSection
EndGlobal
